<?xml version="1.0" encoding="utf-8"?>
<Project ToolsVersion="4.0" xmlns="http://schemas.microsoft.com/developer/msbuild/2003">
  <ItemGroup>
    <Filter Include="Source Files">
      <UniqueIdentifier>{4FC737F1-C7A5-4376-A066-2A32D752A2FF}</UniqueIdentifier>
      <Extensions>cpp;c;cc;cxx;c++;cppm;ixx;def;odl;idl;hpj;bat;asm;asmx</Extensions>
    </Filter>
    <Filter Include="Header Files">
      <UniqueIdentifier>{93995380-89BD-4b04-88EB-625FBE52EBFB}</UniqueIdentifier>
      <Extensions>h;hh;hpp;hxx;h++;hm;inl;inc;ipp;xsd</Extensions>
    </Filter>
    <Filter Include="Resource Files">
      <UniqueIdentifier>{67DA6AB6-F800-4c08-8B7A-83BB121AAD01}</UniqueIdentifier>
      <Extensions>rc;ico;cur;bmp;dlg;rc2;rct;bin;rgs;gif;jpg;jpeg;jpe;resx;tiff;tif;png;wav;mfcribbon-ms</Extensions>
    </Filter>
    <Filter Include="Resource Files\Assets">
      <UniqueIdentifier>{7443a399-4207-4742-9f21-c17333a9f58b}</UniqueIdentifier>
    </Filter>
    <Filter Include="Resource Files\Assets\Textures">
      <UniqueIdentifier>{b47588ff-213e-4107-8a17-921cf9f397e8}</UniqueIdentifier>
    </Filter>
    <Filter Include="Resource Files\Assets\Textures\UI">
      <UniqueIdentifier>{3ad2d00d-f6a1-4fb0-a877-29002241ae4f}</UniqueIdentifier>
    </Filter>
    <Filter Include="Resource Files\Assets\Levels">
      <UniqueIdentifier>{48aa67f7-a7dd-4a45-88ef-69474425d478}</UniqueIdentifier>
    </Filter>
    <Filter Include="Resource Files\Assets\Levels\World1">
      <UniqueIdentifier>{a0de015a-0dfb-4340-8eea-1fca4b39de39}</UniqueIdentifier>
    </Filter>
  </ItemGroup>
  <ItemGroup>
    <ClCompile Include="EngineCode\Audio.cpp">
      <Filter>Source Files</Filter>
    </ClCompile>
    <ClCompile Include="EngineCode\Input.cpp">
      <Filter>Source Files</Filter>
    </ClCompile>
    <ClCompile Include="EngineCode\ResourceManager.cpp">
      <Filter>Source Files</Filter>
    </ClCompile>
    <ClCompile Include="EngineCode\TimeManager.cpp">
      <Filter>Source Files</Filter>
    </ClCompile>
    <ClCompile Include="EngineCode\tinyxml2.cpp">
      <Filter>Source Files</Filter>
    </ClCompile>
    <ClCompile Include="EngineCode\Video.cpp">
      <Filter>Source Files</Filter>
    </ClCompile>
    <ClCompile Include="GameCode\Camera.cpp">
      <Filter>Source Files</Filter>
    </ClCompile>
    <ClCompile Include="GameCode\Map.cpp">
      <Filter>Source Files</Filter>
    </ClCompile>
    <ClCompile Include="GameCode\Tileset.cpp">
      <Filter>Source Files</Filter>
    </ClCompile>
    <ClCompile Include="GameCode\Player.cpp">
      <Filter>Source Files</Filter>
    </ClCompile>
    <ClCompile Include="GameCode\Scene.cpp">
      <Filter>Source Files</Filter>
    </ClCompile>
    <ClCompile Include="EngineCode\SceneManager.cpp">
      <Filter>Source Files</Filter>
    </ClCompile>
    <ClCompile Include="GameCode\Main.cpp">
      <Filter>Source Files</Filter>
    </ClCompile>
    <ClCompile Include="GameCode\SceneMain.cpp">
      <Filter>Source Files</Filter>
    </ClCompile>
    <ClCompile Include="GameCode\SceneGame.cpp">
      <Filter>Source Files</Filter>
    </ClCompile>
    <ClCompile Include="GameCode\Entity.cpp">
      <Filter>Source Files</Filter>
    </ClCompile>
    <ClCompile Include="GameCode\Bomb.cpp">
      <Filter>Source Files</Filter>
    </ClCompile>
    <ClCompile Include="GameCode\Explosion.cpp">
      <Filter>Source Files</Filter>
    </ClCompile>
    <ClCompile Include="GameCode\Rock.cpp">
      <Filter>Source Files</Filter>
    </ClCompile>
  </ItemGroup>
  <ItemGroup>
    <ClInclude Include="EngineCode\Audio.h">
      <Filter>Header Files</Filter>
    </ClInclude>
    <ClInclude Include="EngineCode\Defines.h">
      <Filter>Header Files</Filter>
    </ClInclude>
    <ClInclude Include="EngineCode\Input.h">
      <Filter>Header Files</Filter>
    </ClInclude>
    <ClInclude Include="EngineCode\ResourceManager.h">
      <Filter>Header Files</Filter>
    </ClInclude>
    <ClInclude Include="EngineCode\TimeManager.h">
      <Filter>Header Files</Filter>
    </ClInclude>
    <ClInclude Include="EngineCode\tinyxml2.h">
      <Filter>Header Files</Filter>
    </ClInclude>
    <ClInclude Include="EngineCode\Video.h">
      <Filter>Header Files</Filter>
    </ClInclude>
    <ClInclude Include="GameCode\Camera.h">
      <Filter>Header Files</Filter>
    </ClInclude>
    <ClInclude Include="GameCode\Map.h">
      <Filter>Header Files</Filter>
    </ClInclude>
    <ClInclude Include="GameCode\Tileset.h">
      <Filter>Header Files</Filter>
    </ClInclude>
    <ClInclude Include="GameCode\Player.h">
      <Filter>Header Files</Filter>
    </ClInclude>
    <ClInclude Include="EngineCode\Helpers.h">
      <Filter>Header Files</Filter>
    </ClInclude>
    <ClInclude Include="EngineCode\SceneManager.h">
      <Filter>Header Files</Filter>
    </ClInclude>
    <ClInclude Include="GameCode\Scene.h">
      <Filter>Header Files</Filter>
    </ClInclude>
    <ClInclude Include="GameCode\SceneMain.h">
      <Filter>Header Files</Filter>
    </ClInclude>
    <ClInclude Include="GameCode\SceneGame.h">
      <Filter>Header Files</Filter>
    </ClInclude>
    <ClInclude Include="GameCode\Entity.h">
      <Filter>Header Files</Filter>
    </ClInclude>
    <ClInclude Include="GameCode\Bomb.h">
      <Filter>Header Files</Filter>
    </ClInclude>
    <ClInclude Include="GameCode\Explosion.h">
      <Filter>Header Files</Filter>
    </ClInclude>
    <ClInclude Include="GameCode\Rock.h">
      <Filter>Header Files</Filter>
    </ClInclude>
  </ItemGroup>
  <ItemGroup>
    <CopyFileToFolders Include="SDL2.dll">
      <Filter>Resource Files</Filter>
    </CopyFileToFolders>
    <CopyFileToFolders Include="SDL2_image.dll">
      <Filter>Resource Files</Filter>
    </CopyFileToFolders>
    <CopyFileToFolders Include="SDL2_mixer.dll">
      <Filter>Resource Files</Filter>
    </CopyFileToFolders>
    <CopyFileToFolders Include="Assets\Textures\UI\Title.png">
      <Filter>Resource Files\Assets\Textures\UI</Filter>
    </CopyFileToFolders>
    <CopyFileToFolders Include="Assets\Textures\Player.png">
      <Filter>Resource Files\Assets\Textures</Filter>
    </CopyFileToFolders>
    <CopyFileToFolders Include="Assets\Textures\UI\Arrow.png">
      <Filter>Resource Files\Assets\Textures\UI</Filter>
    </CopyFileToFolders>
    <CopyFileToFolders Include="Assets\Textures\UI\Play.png">
      <Filter>Resource Files\Assets\Textures\UI</Filter>
    </CopyFileToFolders>
    <CopyFileToFolders Include="Assets\Textures\UI\Options.png">
      <Filter>Resource Files\Assets\Textures\UI</Filter>
    </CopyFileToFolders>
    <CopyFileToFolders Include="Assets\Textures\UI\Highscore.png">
      <Filter>Resource Files\Assets\Textures\UI</Filter>
    </CopyFileToFolders>
    <CopyFileToFolders Include="Assets\Textures\UI\Exit.png">
      <Filter>Resource Files\Assets\Textures\UI</Filter>
    </CopyFileToFolders>
    <CopyFileToFolders Include="Assets\Textures\Bomb1.png">
      <Filter>Resource Files\Assets\Textures</Filter>
    </CopyFileToFolders>
    <CopyFileToFolders Include="Assets\Textures\PlanetQuarry.png">
      <Filter>Resource Files\Assets\Textures</Filter>
    </CopyFileToFolders>
    <CopyFileToFolders Include="Assets\Textures\Rock1.png">
      <Filter>Resource Files\Assets\Textures</Filter>
    </CopyFileToFolders>
    <CopyFileToFolders Include="Assets\Levels\World1\a1.tmx">
      <Filter>Resource Files\Assets\Levels\World1</Filter>
    </CopyFileToFolders>
    <CopyFileToFolders Include="Assets\Levels\World1\PlanetQuarry.tsx">
      <Filter>Resource Files\Assets\Levels\World1</Filter>
    </CopyFileToFolders>
  </ItemGroup>
</Project>